<?xml version="1.0" encoding="utf-8"?>
<Project ToolsVersion="4.0" xmlns="http://schemas.microsoft.com/developer/msbuild/2003">
  <ItemGroup>
    <Filter Include="源文件">
      <UniqueIdentifier>{4FC737F1-C7A5-4376-A066-2A32D752A2FF}</UniqueIdentifier>
      <Extensions>cpp;c;cc;cxx;c++;def;odl;idl;hpj;bat;asm;asmx</Extensions>
    </Filter>
    <Filter Include="头文件">
      <UniqueIdentifier>{93995380-89BD-4b04-88EB-625FBE52EBFB}</UniqueIdentifier>
      <Extensions>h;hh;hpp;hxx;h++;hm;inl;inc;ipp;xsd</Extensions>
    </Filter>
    <Filter Include="资源文件">
      <UniqueIdentifier>{67DA6AB6-F800-4c08-8B7A-83BB121AAD01}</UniqueIdentifier>
      <Extensions>rc;ico;cur;bmp;dlg;rc2;rct;bin;rgs;gif;jpg;jpeg;jpe;resx;tiff;tif;png;wav;mfcribbon-ms</Extensions>
    </Filter>
  </ItemGroup>
  <ItemGroup>
    <ClCompile Include="357DefferedLighting.cpp">
      <Filter>源文件</Filter>
    </ClCompile>
    <ClCompile Include="D3DClass.cpp">
      <Filter>源文件</Filter>
    </ClCompile>
    <ClCompile Include="DefferredShaderClass.cpp">
      <Filter>源文件</Filter>
    </ClCompile>
    <ClCompile Include="GraphicsClass.cpp">
      <Filter>源文件</Filter>
    </ClCompile>
    <ClCompile Include="InputClass.cpp">
      <Filter>源文件</Filter>
    </ClCompile>
    <ClCompile Include="LightClass.cpp">
      <Filter>源文件</Filter>
    </ClCompile>
    <ClCompile Include="LightShaderClass.cpp">
      <Filter>源文件</Filter>
    </ClCompile>
    <ClCompile Include="ModelClass.cpp">
      <Filter>源文件</Filter>
    </ClCompile>
    <ClCompile Include="SystemClass.cpp">
      <Filter>源文件</Filter>
    </ClCompile>
    <ClCompile Include="TexClass.cpp">
      <Filter>源文件</Filter>
    </ClCompile>
    <ClCompile Include="BitmapClass.cpp">
      <Filter>源文件</Filter>
    </ClCompile>
    <ClCompile Include="GeometryBufferClass.cpp">
      <Filter>源文件</Filter>
    </ClCompile>
    <ClCompile Include="MultiPointLightShader.cpp">
      <Filter>源文件</Filter>
    </ClCompile>
  </ItemGroup>
  <ItemGroup>
    <ClInclude Include="DefferredShaderClass.h">
      <Filter>头文件</Filter>
    </ClInclude>
    <ClInclude Include="InputClass.h">
      <Filter>头文件</Filter>
    </ClInclude>
    <ClInclude Include="LightClass.h">
      <Filter>头文件</Filter>
    </ClInclude>
    <ClInclude Include="LightShaderClass.h">
      <Filter>头文件</Filter>
    </ClInclude>
    <ClInclude Include="Macro.h">
      <Filter>头文件</Filter>
    </ClInclude>
    <ClInclude Include="ModelClass.h">
      <Filter>头文件</Filter>
    </ClInclude>
    <ClInclude Include="SystemClass.h">
      <Filter>头文件</Filter>
    </ClInclude>
    <ClInclude Include="TexClass.h">
      <Filter>头文件</Filter>
    </ClInclude>
    <ClInclude Include="BitmapClass.h">
      <Filter>头文件</Filter>
    </ClInclude>
    <ClInclude Include="CameraClass.h">
      <Filter>头文件</Filter>
    </ClInclude>
    <ClInclude Include="D3DClass.h">
      <Filter>头文件</Filter>
    </ClInclude>
    <ClInclude Include="GeometryBufferClass.h">
      <Filter>头文件</Filter>
    </ClInclude>
    <ClInclude Include="MultiPointLightShader.h">
      <Filter>头文件</Filter>
    </ClInclude>
    <ClInclude Include="GraphicsClass.h">
      <Filter>头文件</Filter>
    </ClInclude>
  </ItemGroup>
</Project>